
Microsoft Visual Studio Solution File, Format Version 12.00
# Visual Studio Version 17
VisualStudioVersion = 17.14.36518.9 d17.14
MinimumVisualStudioVersion = 10.0.40219.1
Project("{FAE04EC0-301F-11D3-BF4B-00C04F79EFBC}") = "Asm68000", "Asm68000.csproj", "{ADB079E9-5BA5-41DF-80C2-73F743AAAF69}"
EndProject
Global
	GlobalSection(SolutionConfigurationPlatforms) = preSolution
		Debug|Any CPU = Debug|Any CPU
		Release|Any CPU = Release|Any CPU
	EndGlobalSection
	GlobalSection(ProjectConfigurationPlatforms) = postSolution
		{ADB079E9-5BA5-41DF-80C2-73F743AAAF69}.Debug|Any CPU.ActiveCfg = Debug|Any CPU
		{ADB079E9-5BA5-41DF-80C2-73F743AAAF69}.Debug|Any CPU.Build.0 = Debug|Any CPU
		{ADB079E9-5BA5-41DF-80C2-73F743AAAF69}.Release|Any CPU.ActiveCfg = Release|Any CPU
		{ADB079E9-5BA5-41DF-80C2-73F743AAAF69}.Release|Any CPU.Build.0 = Release|Any CPU
	EndGlobalSection
	GlobalSection(SolutionProperties) = preSolution
		HideSolutionNode = FALSE
	EndGlobalSection
	GlobalSection(ExtensibilityGlobals) = postSolution
		SolutionGuid = {2E9F54F5-E979-43EA-81F1-7AA5BE8665AB}
	EndGlobalSection
EndGlobal
